
Microsoft Visual Studio Solution File, Format Version 12.00
# Visual Studio 15
VisualStudioVersion = 15.0.28307.645
MinimumVisualStudioVersion = 10.0.40219.1
Project("{FAE04EC0-301F-11D3-BF4B-00C04F79EFBC}") = "Singleton", "Singleton\Singleton.csproj", "{579F51FA-0F31-4D17-A1C7-95A9379E68AD}"
EndProject
Global
	GlobalSection(SolutionConfigurationPlatforms) = preSolution
		Debug|Any CPU = Debug|Any CPU
		Release|Any CPU = Release|Any CPU
	EndGlobalSection
	GlobalSection(ProjectConfigurationPlatforms) = postSolution
		{579F51FA-0F31-4D17-A1C7-95A9379E68AD}.Debug|Any CPU.ActiveCfg = Debug|Any CPU
		{579F51FA-0F31-4D17-A1C7-95A9379E68AD}.Debug|Any CPU.Build.0 = Debug|Any CPU
		{579F51FA-0F31-4D17-A1C7-95A9379E68AD}.Release|Any CPU.ActiveCfg = Release|Any CPU
		{579F51FA-0F31-4D17-A1C7-95A9379E68AD}.Release|Any CPU.Build.0 = Release|Any CPU
	EndGlobalSection
	GlobalSection(SolutionProperties) = preSolution
		HideSolutionNode = FALSE
	EndGlobalSection
	GlobalSection(ExtensibilityGlobals) = postSolution
		SolutionGuid = {E4C1E71A-41EB-44C2-9EA4-FF948E85C2B9}
	EndGlobalSection
EndGlobal
